
Microsoft Visual Studio Solution File, Format Version 12.00
# Visual Studio Version 17
VisualStudioVersion = 17.1.32210.238
MinimumVisualStudioVersion = 10.0.40219.1
Project("{FAE04EC0-301F-11D3-BF4B-00C04F79EFBC}") = "AdvancedDataScanner.Installer", "AdvancedDataScanner.Installer\AdvancedDataScanner.Installer.csproj", "{53EE0645-28BB-4082-AD29-706A50D86623}"
EndProject
Global
	GlobalSection(SolutionConfigurationPlatforms) = preSolution
		Debug|Any CPU = Debug|Any CPU
		Release|Any CPU = Release|Any CPU
	EndGlobalSection
	GlobalSection(ProjectConfigurationPlatforms) = postSolution
		{53EE0645-28BB-4082-AD29-706A50D86623}.Debug|Any CPU.ActiveCfg = Debug|Any CPU
		{53EE0645-28BB-4082-AD29-706A50D86623}.Debug|Any CPU.Build.0 = Debug|Any CPU
		{53EE0645-28BB-4082-AD29-706A50D86623}.Release|Any CPU.ActiveCfg = Release|Any CPU
		{53EE0645-28BB-4082-AD29-706A50D86623}.Release|Any CPU.Build.0 = Release|Any CPU
	EndGlobalSection
	GlobalSection(SolutionProperties) = preSolution
		HideSolutionNode = FALSE
	EndGlobalSection
	GlobalSection(ExtensibilityGlobals) = postSolution
		SolutionGuid = {5144EF9A-7183-40F1-A121-FD80838E1357}
	EndGlobalSection
EndGlobal
